
Microsoft Visual Studio Solution File, Format Version 12.00
# Visual Studio Version 17
VisualStudioVersion = 17.13.35931.197 d17.13
MinimumVisualStudioVersion = 10.0.40219.1
Project("{FAE04EC0-301F-11D3-BF4B-00C04F79EFBC}") = "degiskenlerr", "degiskenlerr\degiskenlerr.csproj", "{B9527689-06EA-4963-A85D-1E05674F233A}"
EndProject
Global
	GlobalSection(SolutionConfigurationPlatforms) = preSolution
		Debug|Any CPU = Debug|Any CPU
		Release|Any CPU = Release|Any CPU
	EndGlobalSection
	GlobalSection(ProjectConfigurationPlatforms) = postSolution
		{B9527689-06EA-4963-A85D-1E05674F233A}.Debug|Any CPU.ActiveCfg = Debug|Any CPU
		{B9527689-06EA-4963-A85D-1E05674F233A}.Debug|Any CPU.Build.0 = Debug|Any CPU
		{B9527689-06EA-4963-A85D-1E05674F233A}.Release|Any CPU.ActiveCfg = Release|Any CPU
		{B9527689-06EA-4963-A85D-1E05674F233A}.Release|Any CPU.Build.0 = Release|Any CPU
	EndGlobalSection
	GlobalSection(SolutionProperties) = preSolution
		HideSolutionNode = FALSE
	EndGlobalSection
	GlobalSection(ExtensibilityGlobals) = postSolution
		SolutionGuid = {5A7762D1-3482-4196-B1F7-7D9FFC73FF09}
	EndGlobalSection
EndGlobal
